// !$*UTF8*$!
{
	archiveVersion = 1;
	classes = {
	};
	objectVersion = 56;
	objects = {

/* Begin PBXBuildFile section */
		950DEC1E29E7D90B009CD6DC /* QuizBrain.swift in Sources */ = {isa = PBXBuildFile; fileRef = 950DEC1D29E7D90B009CD6DC /* QuizBrain.swift */; };
		950DEC2029E84F9E009CD6DC /* MediaController.swift in Sources */ = {isa = PBXBuildFile; fileRef = 950DEC1F29E84F9E009CD6DC /* MediaController.swift */; };
		950DEC2329E85024009CD6DC /* NoNoNo.mp3 in Resources */ = {isa = PBXBuildFile; fileRef = 950DEC2129E85024009CD6DC /* NoNoNo.mp3 */; };
		950DEC2429E85024009CD6DC /* sfx-5.mp3 in Resources */ = {isa = PBXBuildFile; fileRef = 950DEC2229E85024009CD6DC /* sfx-5.mp3 */; };
		950DEC2829E852B5009CD6DC /* apple-pay-succes.mp3 in Resources */ = {isa = PBXBuildFile; fileRef = 950DEC2629E852B5009CD6DC /* apple-pay-succes.mp3 */; };
		950DEC2929E852B5009CD6DC /* block_sound.mp3 in Resources */ = {isa = PBXBuildFile; fileRef = 950DEC2729E852B5009CD6DC /* block_sound.mp3 */; };
		958BE6A429E55F6900F2B893 /* AppDelegate.swift in Sources */ = {isa = PBXBuildFile; fileRef = 958BE6A329E55F6900F2B893 /* AppDelegate.swift */; };
		958BE6A629E55F6900F2B893 /* SceneDelegate.swift in Sources */ = {isa = PBXBuildFile; fileRef = 958BE6A529E55F6900F2B893 /* SceneDelegate.swift */; };
		958BE6A829E55F6900F2B893 /* ViewController.swift in Sources */ = {isa = PBXBuildFile; fileRef = 958BE6A729E55F6900F2B893 /* ViewController.swift */; };
		958BE6AB29E55F6900F2B893 /* Main.storyboard in Resources */ = {isa = PBXBuildFile; fileRef = 958BE6A929E55F6900F2B893 /* Main.storyboard */; };
		958BE6AD29E55F6C00F2B893 /* Assets.xcassets in Resources */ = {isa = PBXBuildFile; fileRef = 958BE6AC29E55F6C00F2B893 /* Assets.xcassets */; };
		958BE6B029E55F6C00F2B893 /* LaunchScreen.storyboard in Resources */ = {isa = PBXBuildFile; fileRef = 958BE6AE29E55F6C00F2B893 /* LaunchScreen.storyboard */; };
		95F3541729E5A7F6003FDB35 /* Question.swift in Sources */ = {isa = PBXBuildFile; fileRef = 95F3541629E5A7F6003FDB35 /* Question.swift */; };
/* End PBXBuildFile section */

/* Begin PBXFileReference section */
		950DEC1D29E7D90B009CD6DC /* QuizBrain.swift */ = {isa = PBXFileReference; lastKnownFileType = sourcecode.swift; path = QuizBrain.swift; sourceTree = "<group>"; };
		950DEC1F29E84F9E009CD6DC /* MediaController.swift */ = {isa = PBXFileReference; lastKnownFileType = sourcecode.swift; path = MediaController.swift; sourceTree = "<group>"; };
		950DEC2129E85024009CD6DC /* NoNoNo.mp3 */ = {isa = PBXFileReference; lastKnownFileType = audio.mp3; path = NoNoNo.mp3; sourceTree = "<group>"; };
		950DEC2229E85024009CD6DC /* sfx-5.mp3 */ = {isa = PBXFileReference; lastKnownFileType = audio.mp3; path = "sfx-5.mp3"; sourceTree = "<group>"; };
		950DEC2629E852B5009CD6DC /* apple-pay-succes.mp3 */ = {isa = PBXFileReference; lastKnownFileType = audio.mp3; path = "apple-pay-succes.mp3"; sourceTree = "<group>"; };
		950DEC2729E852B5009CD6DC /* block_sound.mp3 */ = {isa = PBXFileReference; lastKnownFileType = audio.mp3; path = block_sound.mp3; sourceTree = "<group>"; };
		958BE6A029E55F6900F2B893 /* Quiizz.app */ = {isa = PBXFileReference; explicitFileType = wrapper.application; includeInIndex = 0; path = Quiizz.app; sourceTree = BUILT_PRODUCTS_DIR; };
		958BE6A329E55F6900F2B893 /* AppDelegate.swift */ = {isa = PBXFileReference; lastKnownFileType = sourcecode.swift; path = AppDelegate.swift; sourceTree = "<group>"; };
		958BE6A529E55F6900F2B893 /* SceneDelegate.swift */ = {isa = PBXFileReference; lastKnownFileType = sourcecode.swift; path = SceneDelegate.swift; sourceTree = "<group>"; };
		958BE6A729E55F6900F2B893 /* ViewController.swift */ = {isa = PBXFileReference; lastKnownFileType = sourcecode.swift; path = ViewController.swift; sourceTree = "<group>"; wrapsLines = 1; };
		958BE6AA29E55F6900F2B893 /* Base */ = {isa = PBXFileReference; lastKnownFileType = file.storyboard; name = Base; path = Base.lproj/Main.storyboard; sourceTree = "<group>"; };
		958BE6AC29E55F6C00F2B893 /* Assets.xcassets */ = {isa = PBXFileReference; lastKnownFileType = folder.assetcatalog; path = Assets.xcassets; sourceTree = "<group>"; };
		958BE6AF29E55F6C00F2B893 /* Base */ = {isa = PBXFileReference; lastKnownFileType = file.storyboard; name = Base; path = Base.lproj/LaunchScreen.storyboard; sourceTree = "<group>"; };
		958BE6B129E55F6C00F2B893 /* Info.plist */ = {isa = PBXFileReference; lastKnownFileType = text.plist.xml; path = Info.plist; sourceTree = "<group>"; };
		95F3541629E5A7F6003FDB35 /* Question.swift */ = {isa = PBXFileReference; lastKnownFileType = sourcecode.swift; path = Question.swift; sourceTree = "<group>"; };
/* End PBXFileReference section */

/* Begin PBXFrameworksBuildPhase section */
		958BE69D29E55F6900F2B893 /* Frameworks */ = {
			isa = PBXFrameworksBuildPhase;
			buildActionMask = 2147483647;
			files = (
			);
			runOnlyForDeploymentPostprocessing = 0;
		};
/* End PBXFrameworksBuildPhase section */

/* Begin PBXGroup section */
		950DEC2529E8502F009CD6DC /* Sound */ = {
			isa = PBXGroup;
			children = (
				950DEC2629E852B5009CD6DC /* apple-pay-succes.mp3 */,
				950DEC2729E852B5009CD6DC /* block_sound.mp3 */,
				950DEC2229E85024009CD6DC /* sfx-5.mp3 */,
				950DEC2129E85024009CD6DC /* NoNoNo.mp3 */,
			);
			path = Sound;
			sourceTree = "<group>";
		};
		958BE69729E55F6900F2B893 = {
			isa = PBXGroup;
			children = (
				958BE6A229E55F6900F2B893 /* Quiizz */,
				958BE6A129E55F6900F2B893 /* Products */,
			);
			sourceTree = "<group>";
		};
		958BE6A129E55F6900F2B893 /* Products */ = {
			isa = PBXGroup;
			children = (
				958BE6A029E55F6900F2B893 /* Quiizz.app */,
			);
			name = Products;
			sourceTree = "<group>";
		};
		958BE6A229E55F6900F2B893 /* Quiizz */ = {
			isa = PBXGroup;
			children = (
				958BE6A329E55F6900F2B893 /* AppDelegate.swift */,
				958BE6A529E55F6900F2B893 /* SceneDelegate.swift */,
				95F3541829E716A2003FDB35 /* View */,
				95F3541929E716B0003FDB35 /* Model */,
				95F3541A29E716C1003FDB35 /* Controller */,
				958BE6AC29E55F6C00F2B893 /* Assets.xcassets */,
				958BE6AE29E55F6C00F2B893 /* LaunchScreen.storyboard */,
				950DEC2529E8502F009CD6DC /* Sound */,
				958BE6B129E55F6C00F2B893 /* Info.plist */,
			);
			path = Quiizz;
			sourceTree = "<group>";
		};
		95F3541829E716A2003FDB35 /* View */ = {
			isa = PBXGroup;
			children = (
				958BE6A929E55F6900F2B893 /* Main.storyboard */,
			);
			path = View;
			sourceTree = "<group>";
		};
		95F3541929E716B0003FDB35 /* Model */ = {
			isa = PBXGroup;
			children = (
				95F3541629E5A7F6003FDB35 /* Question.swift */,
				950DEC1D29E7D90B009CD6DC /* QuizBrain.swift */,
			);
			path = Model;
			sourceTree = "<group>";
		};
		95F3541A29E716C1003FDB35 /* Controller */ = {
			isa = PBXGroup;
			children = (
				958BE6A729E55F6900F2B893 /* ViewController.swift */,
				950DEC1F29E84F9E009CD6DC /* MediaController.swift */,
			);
			path = Controller;
			sourceTree = "<group>";
		};
/* End PBXGroup section */

/* Begin PBXNativeTarget section */
		958BE69F29E55F6900F2B893 /* Quiizz */ = {
			isa = PBXNativeTarget;
			buildConfigurationList = 958BE6B429E55F6C00F2B893 /* Build configuration list for PBXNativeTarget "Quiizz" */;
			buildPhases = (
				958BE69C29E55F6900F2B893 /* Sources */,
				958BE69D29E55F6900F2B893 /* Frameworks */,
				958BE69E29E55F6900F2B893 /* Resources */,
			);
			buildRules = (
			);
			dependencies = (
			);
			name = Quiizz;
			productName = Quiizz;
			productReference = 958BE6A029E55F6900F2B893 /* Quiizz.app */;
			productType = "com.apple.product-type.application";
		};
/* End PBXNativeTarget section */

/* Begin PBXProject section */
		958BE69829E55F6900F2B893 /* Project object */ = {
			isa = PBXProject;
			attributes = {
				BuildIndependentTargetsInParallel = 1;
				LastSwiftUpdateCheck = 1430;
				LastUpgradeCheck = 1430;
				TargetAttributes = {
					958BE69F29E55F6900F2B893 = {
						CreatedOnToolsVersion = 14.3;
					};
				};
			};
			buildConfigurationList = 958BE69B29E55F6900F2B893 /* Build configuration list for PBXProject "Quiizz" */;
			compatibilityVersion = "Xcode 14.0";
			developmentRegion = en;
			hasScannedForEncodings = 0;
			knownRegions = (
				en,
				Base,
			);
			mainGroup = 958BE69729E55F6900F2B893;
			productRefGroup = 958BE6A129E55F6900F2B893 /* Products */;
			projectDirPath = "";
			projectRoot = "";
			targets = (
				958BE69F29E55F6900F2B893 /* Quiizz */,
			);
		};
/* End PBXProject section */

/* Begin PBXResourcesBuildPhase section */
		958BE69E29E55F6900F2B893 /* Resources */ = {
			isa = PBXResourcesBuildPhase;
			buildActionMask = 2147483647;
			files = (
				958BE6B029E55F6C00F2B893 /* LaunchScreen.storyboard in Resources */,
				958BE6AD29E55F6C00F2B893 /* Assets.xcassets in Resources */,
				958BE6AB29E55F6900F2B893 /* Main.storyboard in Resources */,
				950DEC2429E85024009CD6DC /* sfx-5.mp3 in Resources */,
				950DEC2829E852B5009CD6DC /* apple-pay-succes.mp3 in Resources */,
				950DEC2329E85024009CD6DC /* NoNoNo.mp3 in Resources */,
				950DEC2929E852B5009CD6DC /* block_sound.mp3 in Resources */,
			);
			runOnlyForDeploymentPostprocessing = 0;
		};
/* End PBXResourcesBuildPhase section */

/* Begin PBXSourcesBuildPhase section */
		958BE69C29E55F6900F2B893 /* Sources */ = {
			isa = PBXSourcesBuildPhase;
			buildActionMask = 2147483647;
			files = (
				950DEC2029E84F9E009CD6DC /* MediaController.swift in Sources */,
				950DEC1E29E7D90B009CD6DC /* QuizBrain.swift in Sources */,
				958BE6A829E55F6900F2B893 /* ViewController.swift in Sources */,
				95F3541729E5A7F6003FDB35 /* Question.swift in Sources */,
				958BE6A429E55F6900F2B893 /* AppDelegate.swift in Sources */,
				958BE6A629E55F6900F2B893 /* SceneDelegate.swift in Sources */,
			);
			runOnlyForDeploymentPostprocessing = 0;
		};
/* End PBXSourcesBuildPhase section */

/* Begin PBXVariantGroup section */
		958BE6A929E55F6900F2B893 /* Main.storyboard */ = {
			isa = PBXVariantGroup;
			children = (
				958BE6AA29E55F6900F2B893 /* Base */,
			);
			name = Main.storyboard;
			sourceTree = "<group>";
		};
		958BE6AE29E55F6C00F2B893 /* LaunchScreen.storyboard */ = {
			isa = PBXVariantGroup;
			children = (
				958BE6AF29E55F6C00F2B893 /* Base */,
			);
			name = LaunchScreen.storyboard;
			sourceTree = "<group>";
		};
/* End PBXVariantGroup section */

/* Begin XCBuildConfiguration section */
		958BE6B229E55F6C00F2B893 /* Debug */ = {
			isa = XCBuildConfiguration;
			buildSettings = {
				ALWAYS_SEARCH_USER_PATHS = NO;
				CLANG_ANALYZER_NONNULL = YES;
				CLANG_ANALYZER_NUMBER_OBJECT_CONVERSION = YES_AGGRESSIVE;
				CLANG_CXX_LANGUAGE_STANDARD = "gnu++20";
				CLANG_ENABLE_MODULES = YES;
				CLANG_ENABLE_OBJC_ARC = YES;
				CLANG_ENABLE_OBJC_WEAK = YES;
				CLANG_WARN_BLOCK_CAPTURE_AUTORELEASING = YES;
				CLANG_WARN_BOOL_CONVERSION = YES;
				CLANG_WARN_COMMA = YES;
				CLANG_WARN_CONSTANT_CONVERSION = YES;
				CLANG_WARN_DEPRECATED_OBJC_IMPLEMENTATIONS = YES;
				CLANG_WARN_DIRECT_OBJC_ISA_USAGE = YES_ERROR;
				CLANG_WARN_DOCUMENTATION_COMMENTS = YES;
				CLANG_WARN_EMPTY_BODY = YES;
				CLANG_WARN_ENUM_CONVERSION = YES;
				CLANG_WARN_INFINITE_RECURSION = YES;
				CLANG_WARN_INT_CONVERSION = YES;
				CLANG_WARN_NON_LITERAL_NULL_CONVERSION = YES;
				CLANG_WARN_OBJC_IMPLICIT_RETAIN_SELF = YES;
				CLANG_WARN_OBJC_LITERAL_CONVERSION = YES;
				CLANG_WARN_OBJC_ROOT_CLASS = YES_ERROR;
				CLANG_WARN_QUOTED_INCLUDE_IN_FRAMEWORK_HEADER = YES;
				CLANG_WARN_RANGE_LOOP_ANALYSIS = YES;
				CLANG_WARN_STRICT_PROTOTYPES = YES;
				CLANG_WARN_SUSPICIOUS_MOVE = YES;
				CLANG_WARN_UNGUARDED_AVAILABILITY = YES_AGGRESSIVE;
				CLANG_WARN_UNREACHABLE_CODE = YES;
				CLANG_WARN__DUPLICATE_METHOD_MATCH = YES;
				COPY_PHASE_STRIP = NO;
				DEBUG_INFORMATION_FORMAT = dwarf;
				ENABLE_STRICT_OBJC_MSGSEND = YES;
				ENABLE_TESTABILITY = YES;
				GCC_C_LANGUAGE_STANDARD = gnu11;
				GCC_DYNAMIC_NO_PIC = NO;
				GCC_NO_COMMON_BLOCKS = YES;
				GCC_OPTIMIZATION_LEVEL = 0;
				GCC_PREPROCESSOR_DEFINITIONS = (
					"DEBUG=1",
					"$(inherited)",
				);
				GCC_WARN_64_TO_32_BIT_CONVERSION = YES;
				GCC_WARN_ABOUT_RETURN_TYPE = YES_ERROR;
				GCC_WARN_UNDECLARED_SELECTOR = YES;
				GCC_WARN_UNINITIALIZED_AUTOS = YES_AGGRESSIVE;
				GCC_WARN_UNUSED_FUNCTION = YES;
				GCC_WARN_UNUSED_VARIABLE = YES;
				IPHONEOS_DEPLOYMENT_TARGET = 16.4;
				MTL_ENABLE_DEBUG_INFO = INCLUDE_SOURCE;
				MTL_FAST_MATH = YES;
				ONLY_ACTIVE_ARCH = YES;
				SDKROOT = iphoneos;
				SWIFT_ACTIVE_COMPILATION_CONDITIONS = DEBUG;
				SWIFT_OPTIMIZATION_LEVEL = "-Onone";
			};
			name = Debug;
		};
		958BE6B329E55F6C00F2B893 /* Release */ = {
			isa = XCBuildConfiguration;
			buildSettings = {
				ALWAYS_SEARCH_USER_PATHS = NO;
				CLANG_ANALYZER_NONNULL = YES;
				CLANG_ANALYZER_NUMBER_OBJECT_CONVERSION = YES_AGGRESSIVE;
				CLANG_CXX_LANGUAGE_STANDARD = "gnu++20";
				CLANG_ENABLE_MODULES = YES;
				CLANG_ENABLE_OBJC_ARC = YES;
				CLANG_ENABLE_OBJC_WEAK = YES;
				CLANG_WARN_BLOCK_CAPTURE_AUTORELEASING = YES;
				CLANG_WARN_BOOL_CONVERSION = YES;
				CLANG_WARN_COMMA = YES;
				CLANG_WARN_CONSTANT_CONVERSION = YES;
				CLANG_WARN_DEPRECATED_OBJC_IMPLEMENTATIONS = YES;
				CLANG_WARN_DIRECT_OBJC_ISA_USAGE = YES_ERROR;
				CLANG_WARN_DOCUMENTATION_COMMENTS = YES;
				CLANG_WARN_EMPTY_BODY = YES;
				CLANG_WARN_ENUM_CONVERSION = YES;
				CLANG_WARN_INFINITE_RECURSION = YES;
				CLANG_WARN_INT_CONVERSION = YES;
				CLANG_WARN_NON_LITERAL_NULL_CONVERSION = YES;
				CLANG_WARN_OBJC_IMPLICIT_RETAIN_SELF = YES;
				CLANG_WARN_OBJC_LITERAL_CONVERSION = YES;
				CLANG_WARN_OBJC_ROOT_CLASS = YES_ERROR;
				CLANG_WARN_QUOTED_INCLUDE_IN_FRAMEWORK_HEADER = YES;
				CLANG_WARN_RANGE_LOOP_ANALYSIS = YES;
				CLANG_WARN_STRICT_PROTOTYPES = YES;
				CLANG_WARN_SUSPICIOUS_MOVE = YES;
				CLANG_WARN_UNGUARDED_AVAILABILITY = YES_AGGRESSIVE;
				CLANG_WARN_UNREACHABLE_CODE = YES;
				CLANG_WARN__DUPLICATE_METHOD_MATCH = YES;
				COPY_PHASE_STRIP = NO;
				DEBUG_INFORMATION_FORMAT = "dwarf-with-dsym";
				ENABLE_NS_ASSERTIONS = NO;
				ENABLE_STRICT_OBJC_MSGSEND = YES;
				GCC_C_LANGUAGE_STANDARD = gnu11;
				GCC_NO_COMMON_BLOCKS = YES;
				GCC_WARN_64_TO_32_BIT_CONVERSION = YES;
				GCC_WARN_ABOUT_RETURN_TYPE = YES_ERROR;
				GCC_WARN_UNDECLARED_SELECTOR = YES;
				GCC_WARN_UNINITIALIZED_AUTOS = YES_AGGRESSIVE;
				GCC_WARN_UNUSED_FUNCTION = YES;
				GCC_WARN_UNUSED_VARIABLE = YES;
				IPHONEOS_DEPLOYMENT_TARGET = 16.4;
				MTL_ENABLE_DEBUG_INFO = NO;
				MTL_FAST_MATH = YES;
				SDKROOT = iphoneos;
				SWIFT_COMPILATION_MODE = wholemodule;
				SWIFT_OPTIMIZATION_LEVEL = "-O";
				VALIDATE_PRODUCT = YES;
			};
			name = Release;
		};
		958BE6B529E55F6C00F2B893 /* Debug */ = {
			isa = XCBuildConfiguration;
			buildSettings = {
				ASSETCATALOG_COMPILER_APPICON_NAME = AppIcon;
				ASSETCATALOG_COMPILER_GLOBAL_ACCENT_COLOR_NAME = AccentColor;
				CODE_SIGN_STYLE = Automatic;
				CURRENT_PROJECT_VERSION = 1;
				DEVELOPMENT_TEAM = 4U82GRW2BP;
				GENERATE_INFOPLIST_FILE = YES;
				INFOPLIST_FILE = Quiizz/Info.plist;
				INFOPLIST_KEY_UIApplicationSupportsIndirectInputEvents = YES;
				INFOPLIST_KEY_UILaunchStoryboardName = LaunchScreen;
				INFOPLIST_KEY_UIMainStoryboardFile = Main;
				INFOPLIST_KEY_UISupportedInterfaceOrientations_iPad = "UIInterfaceOrientationPortrait UIInterfaceOrientationPortraitUpsideDown UIInterfaceOrientationLandscapeLeft UIInterfaceOrientationLandscapeRight";
				INFOPLIST_KEY_UISupportedInterfaceOrientations_iPhone = "UIInterfaceOrientationPortrait UIInterfaceOrientationLandscapeLeft UIInterfaceOrientationLandscapeRight";
				LD_RUNPATH_SEARCH_PATHS = (
					"$(inherited)",
					"@executable_path/Frameworks",
				);
				MARKETING_VERSION = 1.0;
				PRODUCT_BUNDLE_IDENTIFIER = com.alexsandervikharev.Quiizz;
				PRODUCT_NAME = "$(TARGET_NAME)";
				SWIFT_EMIT_LOC_STRINGS = YES;
				SWIFT_VERSION = 5.0;
				TARGETED_DEVICE_FAMILY = "1,2";
			};
			name = Debug;
		};
		958BE6B629E55F6C00F2B893 /* Release */ = {
			isa = XCBuildConfiguration;
			buildSettings = {
				ASSETCATALOG_COMPILER_APPICON_NAME = AppIcon;
				ASSETCATALOG_COMPILER_GLOBAL_ACCENT_COLOR_NAME = AccentColor;
				CODE_SIGN_STYLE = Automatic;
				CURRENT_PROJECT_VERSION = 1;
				DEVELOPMENT_TEAM = 4U82GRW2BP;
				GENERATE_INFOPLIST_FILE = YES;
				INFOPLIST_FILE = Quiizz/Info.plist;
				INFOPLIST_KEY_UIApplicationSupportsIndirectInputEvents = YES;
				INFOPLIST_KEY_UILaunchStoryboardName = LaunchScreen;
				INFOPLIST_KEY_UIMainStoryboardFile = Main;
				INFOPLIST_KEY_UISupportedInterfaceOrientations_iPad = "UIInterfaceOrientationPortrait UIInterfaceOrientationPortraitUpsideDown UIInterfaceOrientationLandscapeLeft UIInterfaceOrientationLandscapeRight";
				INFOPLIST_KEY_UISupportedInterfaceOrientations_iPhone = "UIInterfaceOrientationPortrait UIInterfaceOrientationLandscapeLeft UIInterfaceOrientationLandscapeRight";
				LD_RUNPATH_SEARCH_PATHS = (
					"$(inherited)",
					"@executable_path/Frameworks",
				);
				MARKETING_VERSION = 1.0;
				PRODUCT_BUNDLE_IDENTIFIER = com.alexsandervikharev.Quiizz;
				PRODUCT_NAME = "$(TARGET_NAME)";
				SWIFT_EMIT_LOC_STRINGS = YES;
				SWIFT_VERSION = 5.0;
				TARGETED_DEVICE_FAMILY = "1,2";
			};
			name = Release;
		};
/* End XCBuildConfiguration section */

/* Begin XCConfigurationList section */
		958BE69B29E55F6900F2B893 /* Build configuration list for PBXProject "Quiizz" */ = {
			isa = XCConfigurationList;
			buildConfigurations = (
				958BE6B229E55F6C00F2B893 /* Debug */,
				958BE6B329E55F6C00F2B893 /* Release */,
			);
			defaultConfigurationIsVisible = 0;
			defaultConfigurationName = Release;
		};
		958BE6B429E55F6C00F2B893 /* Build configuration list for PBXNativeTarget "Quiizz" */ = {
			isa = XCConfigurationList;
			buildConfigurations = (
				958BE6B529E55F6C00F2B893 /* Debug */,
				958BE6B629E55F6C00F2B893 /* Release */,
			);
			defaultConfigurationIsVisible = 0;
			defaultConfigurationName = Release;
		};
/* End XCConfigurationList section */
	};
	rootObject = 958BE69829E55F6900F2B893 /* Project object */;
}
